
Microsoft Visual Studio Solution File, Format Version 12.00
# Visual Studio Version 17
VisualStudioVersion = 17.9.34607.119
MinimumVisualStudioVersion = 10.0.40219.1
Project("{FAE04EC0-301F-11D3-BF4B-00C04F79EFBC}") = "BPC-OOP-Project-Lode", "BPC-OOP-Project-Lode.csproj", "{3F74B9FF-BF9B-4425-BFBE-1CA79C5813D7}"
EndProject
Global
	GlobalSection(SolutionConfigurationPlatforms) = preSolution
		Debug|Any CPU = Debug|Any CPU
		Release|Any CPU = Release|Any CPU
	EndGlobalSection
	GlobalSection(ProjectConfigurationPlatforms) = postSolution
		{3F74B9FF-BF9B-4425-BFBE-1CA79C5813D7}.Debug|Any CPU.ActiveCfg = Debug|Any CPU
		{3F74B9FF-BF9B-4425-BFBE-1CA79C5813D7}.Debug|Any CPU.Build.0 = Debug|Any CPU
		{3F74B9FF-BF9B-4425-BFBE-1CA79C5813D7}.Release|Any CPU.ActiveCfg = Release|Any CPU
		{3F74B9FF-BF9B-4425-BFBE-1CA79C5813D7}.Release|Any CPU.Build.0 = Release|Any CPU
	EndGlobalSection
	GlobalSection(SolutionProperties) = preSolution
		HideSolutionNode = FALSE
	EndGlobalSection
	GlobalSection(ExtensibilityGlobals) = postSolution
		SolutionGuid = {08F853E1-2411-4772-8DA6-8F2E97A82CD9}
	EndGlobalSection
EndGlobal
